Microsoft Visual Studio Solution File, Format Version 12.00
# Visual Studio Version 17
VisualStudioVersion = 17.5.2.0
MinimumVisualStudioVersion = 10.0.40219.1
Project("{FAE04EC0-301F-11D3-BF4B-00C04F79EFBC}") = "gymLog.API", "gymLog.API\gymLog.API.csproj", "{47158D0F-FD24-A536-DCF7-FE115E07B349}"
EndProject
Project("{FAE04EC0-301F-11D3-BF4B-00C04F79EFBC}") = "gymLog.Tests", "gymLog.Tests\gymLog.Tests.csproj", "{5BA9D10F-324C-3E71-CE31-438DBBCD2530}"
EndProject
Global
	GlobalSection(SolutionConfigurationPlatforms) = preSolution
		Debug|Any CPU = Debug|Any CPU
		Release|Any CPU = Release|Any CPU
	EndGlobalSection
	GlobalSection(ProjectConfigurationPlatforms) = postSolution
		{47158D0F-FD24-A536-DCF7-FE115E07B349}.Debug|Any CPU.ActiveCfg = Debug|Any CPU
		{47158D0F-FD24-A536-DCF7-FE115E07B349}.Debug|Any CPU.Build.0 = Debug|Any CPU
		{47158D0F-FD24-A536-DCF7-FE115E07B349}.Release|Any CPU.ActiveCfg = Release|Any CPU
		{47158D0F-FD24-A536-DCF7-FE115E07B349}.Release|Any CPU.Build.0 = Release|Any CPU
		{5BA9D10F-324C-3E71-CE31-438DBBCD2530}.Debug|Any CPU.ActiveCfg = Debug|Any CPU
		{5BA9D10F-324C-3E71-CE31-438DBBCD2530}.Debug|Any CPU.Build.0 = Debug|Any CPU
		{5BA9D10F-324C-3E71-CE31-438DBBCD2530}.Release|Any CPU.ActiveCfg = Release|Any CPU
		{5BA9D10F-324C-3E71-CE31-438DBBCD2530}.Release|Any CPU.Build.0 = Release|Any CPU
	EndGlobalSection
	GlobalSection(SolutionProperties) = preSolution
		HideSolutionNode = FALSE
	EndGlobalSection
	GlobalSection(ExtensibilityGlobals) = postSolution
		SolutionGuid = {E7AC86E8-E552-4639-B4D9-657F75DBB9B4}
	EndGlobalSection
EndGlobal
